
Microsoft Visual Studio Solution File, Format Version 12.00
# Visual Studio Version 16
VisualStudioVersion = 16.0.33927.289
MinimumVisualStudioVersion = 10.0.40219.1
Project("{8BC9CEB8-8B4A-11D0-8D11-00A0C91BC942}") = "QQAplication", "QQAplication\QQAplication.vcxproj", "{55EA3C2C-916A-4609-B4C6-4AD993E7533D}"
EndProject
Global
	GlobalSection(SolutionConfigurationPlatforms) = preSolution
		Debug|x64 = Debug|x64
		Release|x64 = Release|x64
	EndGlobalSection
	GlobalSection(ProjectConfigurationPlatforms) = postSolution
		{55EA3C2C-916A-4609-B4C6-4AD993E7533D}.Debug|x64.ActiveCfg = Debug|x64
		{55EA3C2C-916A-4609-B4C6-4AD993E7533D}.Debug|x64.Build.0 = Debug|x64
		{55EA3C2C-916A-4609-B4C6-4AD993E7533D}.Release|x64.ActiveCfg = Release|x64
		{55EA3C2C-916A-4609-B4C6-4AD993E7533D}.Release|x64.Build.0 = Release|x64
	EndGlobalSection
	GlobalSection(SolutionProperties) = preSolution
		HideSolutionNode = FALSE
	EndGlobalSection
	GlobalSection(ExtensibilityGlobals) = postSolution
		SolutionGuid = {13A55EB5-828F-406F-A6AC-61B15D49129E}
	EndGlobalSection
EndGlobal
